// !$*UTF8*$!
{
	archiveVersion = 1;
	classes = {
	};
	objectVersion = 50;
	objects = {

/* Begin PBXBuildFile section */
		9716425725E8FC85006C2685 /* tutorial.html in Resources */ = {isa = PBXBuildFile; fileRef = 9716425625E8FC85006C2685 /* tutorial.html */; };
		9732BC9926099DE90012EEB5 /* MBProgressHUD.swift in Sources */ = {isa = PBXBuildFile; fileRef = 9732BC9826099DE90012EEB5 /* MBProgressHUD.swift */; };
		9732BC9C26099E180012EEB5 /* ProgressView.swift in Sources */ = {isa = PBXBuildFile; fileRef = 9732BC9B26099E180012EEB5 /* ProgressView.swift */; };
		9732BC9F2609C2F00012EEB5 /* PhotosHelper.swift in Sources */ = {isa = PBXBuildFile; fileRef = 9732BC9E2609C2F00012EEB5 /* PhotosHelper.swift */; };
		9732BCA22609C6AC0012EEB5 /* Logger.swift in Sources */ = {isa = PBXBuildFile; fileRef = 9732BCA12609C6AC0012EEB5 /* Logger.swift */; };
		9732BCAB2609C6E00012EEB5 /* MOLHLanguage.swift in Sources */ = {isa = PBXBuildFile; fileRef = 9732BCA62609C6E00012EEB5 /* MOLHLanguage.swift */; };
		9732BCAC2609C6E00012EEB5 /* MOLHFont.swift in Sources */ = {isa = PBXBuildFile; fileRef = 9732BCA72609C6E00012EEB5 /* MOLHFont.swift */; };
		9732BCAD2609C6E00012EEB5 /* MOLHSizable.swift in Sources */ = {isa = PBXBuildFile; fileRef = 9732BCA82609C6E00012EEB5 /* MOLHSizable.swift */; };
		9732BCAE2609C6E00012EEB5 /* MOLH.swift in Sources */ = {isa = PBXBuildFile; fileRef = 9732BCA92609C6E00012EEB5 /* MOLH.swift */; };
		9732BCAF2609C6E00012EEB5 /* MOLHFontLocalizableViews.swift in Sources */ = {isa = PBXBuildFile; fileRef = 9732BCAA2609C6E00012EEB5 /* MOLHFontLocalizableViews.swift */; };
		9732BCB82609C9360012EEB5 /* DataType+Helper.swift in Sources */ = {isa = PBXBuildFile; fileRef = 9732BCB72609C9360012EEB5 /* DataType+Helper.swift */; };
		97AC6ED525E7524600FEC23E /* View+Extensions.swift in Sources */ = {isa = PBXBuildFile; fileRef = 97AC6ED425E7524600FEC23E /* View+Extensions.swift */; };
		97AC6EDA25E7525D00FEC23E /* ViewController+Utils.swift in Sources */ = {isa = PBXBuildFile; fileRef = 97AC6ED825E7525D00FEC23E /* ViewController+Utils.swift */; };
		97AC6EDD25E7553800FEC23E /* ViewController.swift in Sources */ = {isa = PBXBuildFile; fileRef = 97AC6EDC25E7553800FEC23E /* ViewController.swift */; };
		97AC6EE125E7800400FEC23E /* CellPC.swift in Sources */ = {isa = PBXBuildFile; fileRef = 97AC6EDF25E7800400FEC23E /* CellPC.swift */; };
		97AC6EE225E7800400FEC23E /* CellPC.xib in Resources */ = {isa = PBXBuildFile; fileRef = 97AC6EE025E7800400FEC23E /* CellPC.xib */; };
		97AC6EE625E7860E00FEC23E /* PC.swift in Sources */ = {isa = PBXBuildFile; fileRef = 97AC6EE525E7860E00FEC23E /* PC.swift */; };
		97AC6EEA25E79DA000FEC23E /* Config.swift in Sources */ = {isa = PBXBuildFile; fileRef = 97AC6EE925E79DA000FEC23E /* Config.swift */; };
		97CE991E25E74D9F00B9353A /* AppDelegate.swift in Sources */ = {isa = PBXBuildFile; fileRef = 97CE991D25E74D9F00B9353A /* AppDelegate.swift */; };
		97CE992025E74D9F00B9353A /* SceneDelegate.swift in Sources */ = {isa = PBXBuildFile; fileRef = 97CE991F25E74D9F00B9353A /* SceneDelegate.swift */; };
		97CE992525E74D9F00B9353A /* Main.storyboard in Resources */ = {isa = PBXBuildFile; fileRef = 97CE992325E74D9F00B9353A /* Main.storyboard */; };
		97CE992725E74DA000B9353A /* Assets.xcassets in Resources */ = {isa = PBXBuildFile; fileRef = 97CE992625E74DA000B9353A /* Assets.xcassets */; };
		97CE992A25E74DA000B9353A /* LaunchScreen.storyboard in Resources */ = {isa = PBXBuildFile; fileRef = 97CE992825E74DA000B9353A /* LaunchScreen.storyboard */; };
		97CE993B25E7506600B9353A /* HomeViewController.swift in Sources */ = {isa = PBXBuildFile; fileRef = 97CE993925E7506600B9353A /* HomeViewController.swift */; };
		97CE993C25E7506600B9353A /* HomeViewController.xib in Resources */ = {isa = PBXBuildFile; fileRef = 97CE993A25E7506600B9353A /* HomeViewController.xib */; };
		97CE994125E750E500B9353A /* RegisterPCViewController.swift in Sources */ = {isa = PBXBuildFile; fileRef = 97CE993F25E750E500B9353A /* RegisterPCViewController.swift */; };
		97CE994225E750E500B9353A /* RegisterPCViewController.xib in Resources */ = {isa = PBXBuildFile; fileRef = 97CE994025E750E500B9353A /* RegisterPCViewController.xib */; };
		97CE994625E750F700B9353A /* ListPCViewController.swift in Sources */ = {isa = PBXBuildFile; fileRef = 97CE994425E750F700B9353A /* ListPCViewController.swift */; };
		97CE994725E750F700B9353A /* ListPCViewController.xib in Resources */ = {isa = PBXBuildFile; fileRef = 97CE994525E750F700B9353A /* ListPCViewController.xib */; };
		97CE994B25E7511B00B9353A /* AboutViewController.swift in Sources */ = {isa = PBXBuildFile; fileRef = 97CE994925E7511B00B9353A /* AboutViewController.swift */; };
		97CE994C25E7511B00B9353A /* AboutViewController.xib in Resources */ = {isa = PBXBuildFile; fileRef = 97CE994A25E7511B00B9353A /* AboutViewController.xib */; };
		97CE995025E7513200B9353A /* TutorialWOWViewController.swift in Sources */ = {isa = PBXBuildFile; fileRef = 97CE994E25E7513200B9353A /* TutorialWOWViewController.swift */; };
		97CE995125E7513200B9353A /* TutorialWOWViewController.xib in Resources */ = {isa = PBXBuildFile; fileRef = 97CE994F25E7513200B9353A /* TutorialWOWViewController.xib */; };
/* End PBXBuildFile section */

/* Begin PBXFileReference section */
		9716425625E8FC85006C2685 /* tutorial.html */ = {isa = PBXFileReference; fileEncoding = 4; lastKnownFileType = text.html; path = tutorial.html; sourceTree = SOURCE_ROOT; };
		9732BC9826099DE90012EEB5 /* MBProgressHUD.swift */ = {isa = PBXFileReference; lastKnownFileType = sourcecode.swift; path = MBProgressHUD.swift; sourceTree = "<group>"; };
		9732BC9B26099E180012EEB5 /* ProgressView.swift */ = {isa = PBXFileReference; lastKnownFileType = sourcecode.swift; path = ProgressView.swift; sourceTree = "<group>"; };
		9732BC9E2609C2F00012EEB5 /* PhotosHelper.swift */ = {isa = PBXFileReference; lastKnownFileType = sourcecode.swift; path = PhotosHelper.swift; sourceTree = "<group>"; };
		9732BCA12609C6AC0012EEB5 /* Logger.swift */ = {isa = PBXFileReference; fileEncoding = 4; lastKnownFileType = sourcecode.swift; path = Logger.swift; sourceTree = "<group>"; };
		9732BCA62609C6E00012EEB5 /* MOLHLanguage.swift */ = {isa = PBXFileReference; fileEncoding = 4; lastKnownFileType = sourcecode.swift; path = MOLHLanguage.swift; sourceTree = "<group>"; };
		9732BCA72609C6E00012EEB5 /* MOLHFont.swift */ = {isa = PBXFileReference; fileEncoding = 4; lastKnownFileType = sourcecode.swift; path = MOLHFont.swift; sourceTree = "<group>"; };
		9732BCA82609C6E00012EEB5 /* MOLHSizable.swift */ = {isa = PBXFileReference; fileEncoding = 4; lastKnownFileType = sourcecode.swift; path = MOLHSizable.swift; sourceTree = "<group>"; };
		9732BCA92609C6E00012EEB5 /* MOLH.swift */ = {isa = PBXFileReference; fileEncoding = 4; lastKnownFileType = sourcecode.swift; path = MOLH.swift; sourceTree = "<group>"; };
		9732BCAA2609C6E00012EEB5 /* MOLHFontLocalizableViews.swift */ = {isa = PBXFileReference; fileEncoding = 4; lastKnownFileType = sourcecode.swift; path = MOLHFontLocalizableViews.swift; sourceTree = "<group>"; };
		9732BCB72609C9360012EEB5 /* DataType+Helper.swift */ = {isa = PBXFileReference; lastKnownFileType = sourcecode.swift; path = "DataType+Helper.swift"; sourceTree = "<group>"; };
		9761888125ECAC5D001D6363 /* wow-Bridging-Header.h */ = {isa = PBXFileReference; lastKnownFileType = sourcecode.c.h; path = "wow-Bridging-Header.h"; sourceTree = "<group>"; };
		97AC6ED425E7524600FEC23E /* View+Extensions.swift */ = {isa = PBXFileReference; fileEncoding = 4; lastKnownFileType = sourcecode.swift; path = "View+Extensions.swift"; sourceTree = "<group>"; };
		97AC6ED825E7525D00FEC23E /* ViewController+Utils.swift */ = {isa = PBXFileReference; fileEncoding = 4; lastKnownFileType = sourcecode.swift; path = "ViewController+Utils.swift"; sourceTree = "<group>"; };
		97AC6EDC25E7553800FEC23E /* ViewController.swift */ = {isa = PBXFileReference; lastKnownFileType = sourcecode.swift; path = ViewController.swift; sourceTree = "<group>"; };
		97AC6EDF25E7800400FEC23E /* CellPC.swift */ = {isa = PBXFileReference; lastKnownFileType = sourcecode.swift; path = CellPC.swift; sourceTree = "<group>"; };
		97AC6EE025E7800400FEC23E /* CellPC.xib */ = {isa = PBXFileReference; lastKnownFileType = file.xib; path = CellPC.xib; sourceTree = "<group>"; };
		97AC6EE525E7860E00FEC23E /* PC.swift */ = {isa = PBXFileReference; lastKnownFileType = sourcecode.swift; path = PC.swift; sourceTree = "<group>"; };
		97AC6EE925E79DA000FEC23E /* Config.swift */ = {isa = PBXFileReference; lastKnownFileType = sourcecode.swift; path = Config.swift; sourceTree = "<group>"; };
		97CE991A25E74D9F00B9353A /* wow.app */ = {isa = PBXFileReference; explicitFileType = wrapper.application; includeInIndex = 0; path = wow.app; sourceTree = BUILT_PRODUCTS_DIR; };
		97CE991D25E74D9F00B9353A /* AppDelegate.swift */ = {isa = PBXFileReference; lastKnownFileType = sourcecode.swift; path = AppDelegate.swift; sourceTree = "<group>"; };
		97CE991F25E74D9F00B9353A /* SceneDelegate.swift */ = {isa = PBXFileReference; lastKnownFileType = sourcecode.swift; path = SceneDelegate.swift; sourceTree = "<group>"; };
		97CE992425E74D9F00B9353A /* Base */ = {isa = PBXFileReference; lastKnownFileType = file.storyboard; name = Base; path = Base.lproj/Main.storyboard; sourceTree = "<group>"; };
		97CE992625E74DA000B9353A /* Assets.xcassets */ = {isa = PBXFileReference; lastKnownFileType = folder.assetcatalog; path = Assets.xcassets; sourceTree = "<group>"; };
		97CE992925E74DA000B9353A /* Base */ = {isa = PBXFileReference; lastKnownFileType = file.storyboard; name = Base; path = Base.lproj/LaunchScreen.storyboard; sourceTree = "<group>"; };
		97CE992B25E74DA000B9353A /* Info.plist */ = {isa = PBXFileReference; lastKnownFileType = text.plist.xml; path = Info.plist; sourceTree = "<group>"; };
		97CE993925E7506600B9353A /* HomeViewController.swift */ = {isa = PBXFileReference; lastKnownFileType = sourcecode.swift; path = HomeViewController.swift; sourceTree = "<group>"; };
		97CE993A25E7506600B9353A /* HomeViewController.xib */ = {isa = PBXFileReference; lastKnownFileType = file.xib; path = HomeViewController.xib; sourceTree = "<group>"; };
		97CE993F25E750E500B9353A /* RegisterPCViewController.swift */ = {isa = PBXFileReference; lastKnownFileType = sourcecode.swift; path = RegisterPCViewController.swift; sourceTree = "<group>"; };
		97CE994025E750E500B9353A /* RegisterPCViewController.xib */ = {isa = PBXFileReference; lastKnownFileType = file.xib; path = RegisterPCViewController.xib; sourceTree = "<group>"; };
		97CE994425E750F700B9353A /* ListPCViewController.swift */ = {isa = PBXFileReference; lastKnownFileType = sourcecode.swift; path = ListPCViewController.swift; sourceTree = "<group>"; };
		97CE994525E750F700B9353A /* ListPCViewController.xib */ = {isa = PBXFileReference; lastKnownFileType = file.xib; path = ListPCViewController.xib; sourceTree = "<group>"; };
		97CE994925E7511B00B9353A /* AboutViewController.swift */ = {isa = PBXFileReference; lastKnownFileType = sourcecode.swift; path = AboutViewController.swift; sourceTree = "<group>"; };
		97CE994A25E7511B00B9353A /* AboutViewController.xib */ = {isa = PBXFileReference; lastKnownFileType = file.xib; path = AboutViewController.xib; sourceTree = "<group>"; };
		97CE994E25E7513200B9353A /* TutorialWOWViewController.swift */ = {isa = PBXFileReference; lastKnownFileType = sourcecode.swift; path = TutorialWOWViewController.swift; sourceTree = "<group>"; };
		97CE994F25E7513200B9353A /* TutorialWOWViewController.xib */ = {isa = PBXFileReference; lastKnownFileType = file.xib; path = TutorialWOWViewController.xib; sourceTree = "<group>"; };
/* End PBXFileReference section */

/* Begin PBXFrameworksBuildPhase section */
		97CE991725E74D9F00B9353A /* Frameworks */ = {
			isa = PBXFrameworksBuildPhase;
			buildActionMask = 2147483647;
			files = (
			);
			runOnlyForDeploymentPostprocessing = 0;
		};
/* End PBXFrameworksBuildPhase section */

/* Begin PBXGroup section */
		9732BC9726099DD90012EEB5 /* MBProgressHUD */ = {
			isa = PBXGroup;
			children = (
				9732BC9826099DE90012EEB5 /* MBProgressHUD.swift */,
				9732BC9B26099E180012EEB5 /* ProgressView.swift */,
			);
			path = MBProgressHUD;
			sourceTree = "<group>";
		};
		9732BCA52609C6D80012EEB5 /* MOLH */ = {
			isa = PBXGroup;
			children = (
				9732BCA92609C6E00012EEB5 /* MOLH.swift */,
				9732BCA72609C6E00012EEB5 /* MOLHFont.swift */,
				9732BCAA2609C6E00012EEB5 /* MOLHFontLocalizableViews.swift */,
				9732BCA62609C6E00012EEB5 /* MOLHLanguage.swift */,
				9732BCA82609C6E00012EEB5 /* MOLHSizable.swift */,
			);
			path = MOLH;
			sourceTree = "<group>";
		};
		97AC6EE425E7860000FEC23E /* Model */ = {
			isa = PBXGroup;
			children = (
				97AC6EE525E7860E00FEC23E /* PC.swift */,
			);
			path = Model;
			sourceTree = "<group>";
		};
		97CE991125E74D9F00B9353A = {
			isa = PBXGroup;
			children = (
				97CE991C25E74D9F00B9353A /* wow */,
				97CE991B25E74D9F00B9353A /* Products */,
			);
			sourceTree = "<group>";
		};
		97CE991B25E74D9F00B9353A /* Products */ = {
			isa = PBXGroup;
			children = (
				97CE991A25E74D9F00B9353A /* wow.app */,
			);
			name = Products;
			sourceTree = "<group>";
		};
		97CE991C25E74D9F00B9353A /* wow */ = {
			isa = PBXGroup;
			children = (
				97CE991D25E74D9F00B9353A /* AppDelegate.swift */,
				97CE991F25E74D9F00B9353A /* SceneDelegate.swift */,
				97CE992625E74DA000B9353A /* Assets.xcassets */,
				97CE992B25E74DA000B9353A /* Info.plist */,
				9761888125ECAC5D001D6363 /* wow-Bridging-Header.h */,
				97AC6EE425E7860000FEC23E /* Model */,
				97CE993525E74ED900B9353A /* View */,
				97CE993725E7503700B9353A /* General */,
			);
			path = wow;
			sourceTree = "<group>";
		};
		97CE993425E74ECD00B9353A /* Resource */ = {
			isa = PBXGroup;
			children = (
				9716425625E8FC85006C2685 /* tutorial.html */,
				97CE992325E74D9F00B9353A /* Main.storyboard */,
				97CE992825E74DA000B9353A /* LaunchScreen.storyboard */,
			);
			path = Resource;
			sourceTree = "<group>";
		};
		97CE993525E74ED900B9353A /* View */ = {
			isa = PBXGroup;
			children = (
				97CE995425E7515900B9353A /* Home */,
				97CE995525E7516200B9353A /* Register PC */,
				97CE995725E7516C00B9353A /* List PC */,
				97CE995825E7517700B9353A /* About */,
				97CE995A25E7518200B9353A /* Tutorial WOW */,
				97AC6EDC25E7553800FEC23E /* ViewController.swift */,
			);
			path = View;
			sourceTree = "<group>";
		};
		97CE993625E74EDE00B9353A /* Controller */ = {
			isa = PBXGroup;
			children = (
			);
			path = Controller;
			sourceTree = "<group>";
		};
		97CE993725E7503700B9353A /* General */ = {
			isa = PBXGroup;
			children = (
				97AC6EE925E79DA000FEC23E /* Config.swift */,
				97CE993825E7504300B9353A /* Extensions */,
				97CE993625E74EDE00B9353A /* Controller */,
				97CE993425E74ECD00B9353A /* Resource */,
			);
			path = General;
			sourceTree = "<group>";
		};
		97CE993825E7504300B9353A /* Extensions */ = {
			isa = PBXGroup;
			children = (
				9732BCA52609C6D80012EEB5 /* MOLH */,
				9732BC9726099DD90012EEB5 /* MBProgressHUD */,
				97AC6ED425E7524600FEC23E /* View+Extensions.swift */,
				9732BCA12609C6AC0012EEB5 /* Logger.swift */,
				97AC6ED825E7525D00FEC23E /* ViewController+Utils.swift */,
				9732BC9E2609C2F00012EEB5 /* PhotosHelper.swift */,
				9732BCB72609C9360012EEB5 /* DataType+Helper.swift */,
			);
			path = Extensions;
			sourceTree = "<group>";
		};
		97CE995425E7515900B9353A /* Home */ = {
			isa = PBXGroup;
			children = (
				97CE993925E7506600B9353A /* HomeViewController.swift */,
				97CE993A25E7506600B9353A /* HomeViewController.xib */,
			);
			path = Home;
			sourceTree = "<group>";
		};
		97CE995525E7516200B9353A /* Register PC */ = {
			isa = PBXGroup;
			children = (
				97CE993F25E750E500B9353A /* RegisterPCViewController.swift */,
				97CE994025E750E500B9353A /* RegisterPCViewController.xib */,
			);
			path = "Register PC";
			sourceTree = "<group>";
		};
		97CE995725E7516C00B9353A /* List PC */ = {
			isa = PBXGroup;
			children = (
				97CE994425E750F700B9353A /* ListPCViewController.swift */,
				97CE994525E750F700B9353A /* ListPCViewController.xib */,
				97AC6EDF25E7800400FEC23E /* CellPC.swift */,
				97AC6EE025E7800400FEC23E /* CellPC.xib */,
			);
			path = "List PC";
			sourceTree = "<group>";
		};
		97CE995825E7517700B9353A /* About */ = {
			isa = PBXGroup;
			children = (
				97CE994925E7511B00B9353A /* AboutViewController.swift */,
				97CE994A25E7511B00B9353A /* AboutViewController.xib */,
			);
			path = About;
			sourceTree = "<group>";
		};
		97CE995A25E7518200B9353A /* Tutorial WOW */ = {
			isa = PBXGroup;
			children = (
				97CE994E25E7513200B9353A /* TutorialWOWViewController.swift */,
				97CE994F25E7513200B9353A /* TutorialWOWViewController.xib */,
			);
			path = "Tutorial WOW";
			sourceTree = "<group>";
		};
/* End PBXGroup section */

/* Begin PBXNativeTarget section */
		97CE991925E74D9F00B9353A /* wow */ = {
			isa = PBXNativeTarget;
			buildConfigurationList = 97CE992E25E74DA000B9353A /* Build configuration list for PBXNativeTarget "wow" */;
			buildPhases = (
				97CE991625E74D9F00B9353A /* Sources */,
				97CE991725E74D9F00B9353A /* Frameworks */,
				97CE991825E74D9F00B9353A /* Resources */,
			);
			buildRules = (
			);
			dependencies = (
			);
			name = wow;
			productName = wow;
			productReference = 97CE991A25E74D9F00B9353A /* wow.app */;
			productType = "com.apple.product-type.application";
		};
/* End PBXNativeTarget section */

/* Begin PBXProject section */
		97CE991225E74D9F00B9353A /* Project object */ = {
			isa = PBXProject;
			attributes = {
				LastSwiftUpdateCheck = 1230;
				LastUpgradeCheck = 1230;
				TargetAttributes = {
					97CE991925E74D9F00B9353A = {
						CreatedOnToolsVersion = 12.3;
						LastSwiftMigration = 1230;
					};
				};
			};
			buildConfigurationList = 97CE991525E74D9F00B9353A /* Build configuration list for PBXProject "wow" */;
			compatibilityVersion = "Xcode 9.3";
			developmentRegion = en;
			hasScannedForEncodings = 0;
			knownRegions = (
				en,
				Base,
			);
			mainGroup = 97CE991125E74D9F00B9353A;
			productRefGroup = 97CE991B25E74D9F00B9353A /* Products */;
			projectDirPath = "";
			projectRoot = "";
			targets = (
				97CE991925E74D9F00B9353A /* wow */,
			);
		};
/* End PBXProject section */

/* Begin PBXResourcesBuildPhase section */
		97CE991825E74D9F00B9353A /* Resources */ = {
			isa = PBXResourcesBuildPhase;
			buildActionMask = 2147483647;
			files = (
				97CE992A25E74DA000B9353A /* LaunchScreen.storyboard in Resources */,
				97CE994C25E7511B00B9353A /* AboutViewController.xib in Resources */,
				97CE992725E74DA000B9353A /* Assets.xcassets in Resources */,
				97CE992525E74D9F00B9353A /* Main.storyboard in Resources */,
				97CE994225E750E500B9353A /* RegisterPCViewController.xib in Resources */,
				97CE993C25E7506600B9353A /* HomeViewController.xib in Resources */,
				9716425725E8FC85006C2685 /* tutorial.html in Resources */,
				97CE995125E7513200B9353A /* TutorialWOWViewController.xib in Resources */,
				97CE994725E750F700B9353A /* ListPCViewController.xib in Resources */,
				97AC6EE225E7800400FEC23E /* CellPC.xib in Resources */,
			);
			runOnlyForDeploymentPostprocessing = 0;
		};
/* End PBXResourcesBuildPhase section */

/* Begin PBXSourcesBuildPhase section */
		97CE991625E74D9F00B9353A /* Sources */ = {
			isa = PBXSourcesBuildPhase;
			buildActionMask = 2147483647;
			files = (
				97CE991E25E74D9F00B9353A /* AppDelegate.swift in Sources */,
				97CE995025E7513200B9353A /* TutorialWOWViewController.swift in Sources */,
				97CE994125E750E500B9353A /* RegisterPCViewController.swift in Sources */,
				97AC6EEA25E79DA000FEC23E /* Config.swift in Sources */,
				9732BCAC2609C6E00012EEB5 /* MOLHFont.swift in Sources */,
				97CE994B25E7511B00B9353A /* AboutViewController.swift in Sources */,
				97AC6EDD25E7553800FEC23E /* ViewController.swift in Sources */,
				97CE992025E74D9F00B9353A /* SceneDelegate.swift in Sources */,
				9732BC9F2609C2F00012EEB5 /* PhotosHelper.swift in Sources */,
				97CE993B25E7506600B9353A /* HomeViewController.swift in Sources */,
				97AC6EDA25E7525D00FEC23E /* ViewController+Utils.swift in Sources */,
				97AC6ED525E7524600FEC23E /* View+Extensions.swift in Sources */,
				9732BCAF2609C6E00012EEB5 /* MOLHFontLocalizableViews.swift in Sources */,
				9732BCAD2609C6E00012EEB5 /* MOLHSizable.swift in Sources */,
				9732BC9926099DE90012EEB5 /* MBProgressHUD.swift in Sources */,
				9732BCB82609C9360012EEB5 /* DataType+Helper.swift in Sources */,
				9732BCAB2609C6E00012EEB5 /* MOLHLanguage.swift in Sources */,
				97CE994625E750F700B9353A /* ListPCViewController.swift in Sources */,
				9732BCA22609C6AC0012EEB5 /* Logger.swift in Sources */,
				9732BCAE2609C6E00012EEB5 /* MOLH.swift in Sources */,
				97AC6EE125E7800400FEC23E /* CellPC.swift in Sources */,
				9732BC9C26099E180012EEB5 /* ProgressView.swift in Sources */,
				97AC6EE625E7860E00FEC23E /* PC.swift in Sources */,
			);
			runOnlyForDeploymentPostprocessing = 0;
		};
/* End PBXSourcesBuildPhase section */

/* Begin PBXVariantGroup section */
		97CE992325E74D9F00B9353A /* Main.storyboard */ = {
			isa = PBXVariantGroup;
			children = (
				97CE992425E74D9F00B9353A /* Base */,
			);
			name = Main.storyboard;
			sourceTree = "<group>";
		};
		97CE992825E74DA000B9353A /* LaunchScreen.storyboard */ = {
			isa = PBXVariantGroup;
			children = (
				97CE992925E74DA000B9353A /* Base */,
			);
			name = LaunchScreen.storyboard;
			sourceTree = "<group>";
		};
/* End PBXVariantGroup section */

/* Begin XCBuildConfiguration section */
		97CE992C25E74DA000B9353A /* Debug */ = {
			isa = XCBuildConfiguration;
			buildSettings = {
				ALWAYS_SEARCH_USER_PATHS = NO;
				CLANG_ANALYZER_NONNULL = YES;
				CLANG_ANALYZER_NUMBER_OBJECT_CONVERSION = YES_AGGRESSIVE;
				CLANG_CXX_LANGUAGE_STANDARD = "gnu++14";
				CLANG_CXX_LIBRARY = "libc++";
				CLANG_ENABLE_MODULES = YES;
				CLANG_ENABLE_OBJC_ARC = YES;
				CLANG_ENABLE_OBJC_WEAK = YES;
				CLANG_WARN_BLOCK_CAPTURE_AUTORELEASING = YES;
				CLANG_WARN_BOOL_CONVERSION = YES;
				CLANG_WARN_COMMA = YES;
				CLANG_WARN_CONSTANT_CONVERSION = YES;
				CLANG_WARN_DEPRECATED_OBJC_IMPLEMENTATIONS = YES;
				CLANG_WARN_DIRECT_OBJC_ISA_USAGE = YES_ERROR;
				CLANG_WARN_DOCUMENTATION_COMMENTS = YES;
				CLANG_WARN_EMPTY_BODY = YES;
				CLANG_WARN_ENUM_CONVERSION = YES;
				CLANG_WARN_INFINITE_RECURSION = YES;
				CLANG_WARN_INT_CONVERSION = YES;
				CLANG_WARN_NON_LITERAL_NULL_CONVERSION = YES;
				CLANG_WARN_OBJC_IMPLICIT_RETAIN_SELF = YES;
				CLANG_WARN_OBJC_LITERAL_CONVERSION = YES;
				CLANG_WARN_OBJC_ROOT_CLASS = YES_ERROR;
				CLANG_WARN_QUOTED_INCLUDE_IN_FRAMEWORK_HEADER = YES;
				CLANG_WARN_RANGE_LOOP_ANALYSIS = YES;
				CLANG_WARN_STRICT_PROTOTYPES = YES;
				CLANG_WARN_SUSPICIOUS_MOVE = YES;
				CLANG_WARN_UNGUARDED_AVAILABILITY = YES_AGGRESSIVE;
				CLANG_WARN_UNREACHABLE_CODE = YES;
				CLANG_WARN__DUPLICATE_METHOD_MATCH = YES;
				COPY_PHASE_STRIP = NO;
				DEBUG_INFORMATION_FORMAT = dwarf;
				ENABLE_STRICT_OBJC_MSGSEND = YES;
				ENABLE_TESTABILITY = YES;
				GCC_C_LANGUAGE_STANDARD = gnu11;
				GCC_DYNAMIC_NO_PIC = NO;
				GCC_NO_COMMON_BLOCKS = YES;
				GCC_OPTIMIZATION_LEVEL = 0;
				GCC_PREPROCESSOR_DEFINITIONS = (
					"DEBUG=1",
					"$(inherited)",
				);
				GCC_WARN_64_TO_32_BIT_CONVERSION = YES;
				GCC_WARN_ABOUT_RETURN_TYPE = YES_ERROR;
				GCC_WARN_UNDECLARED_SELECTOR = YES;
				GCC_WARN_UNINITIALIZED_AUTOS = YES_AGGRESSIVE;
				GCC_WARN_UNUSED_FUNCTION = YES;
				GCC_WARN_UNUSED_VARIABLE = YES;
				IPHONEOS_DEPLOYMENT_TARGET = 14.3;
				MTL_ENABLE_DEBUG_INFO = INCLUDE_SOURCE;
				MTL_FAST_MATH = YES;
				ONLY_ACTIVE_ARCH = YES;
				SDKROOT = iphoneos;
				SWIFT_ACTIVE_COMPILATION_CONDITIONS = DEBUG;
				SWIFT_OPTIMIZATION_LEVEL = "-Onone";
			};
			name = Debug;
		};
		97CE992D25E74DA000B9353A /* Release */ = {
			isa = XCBuildConfiguration;
			buildSettings = {
				ALWAYS_SEARCH_USER_PATHS = NO;
				CLANG_ANALYZER_NONNULL = YES;
				CLANG_ANALYZER_NUMBER_OBJECT_CONVERSION = YES_AGGRESSIVE;
				CLANG_CXX_LANGUAGE_STANDARD = "gnu++14";
				CLANG_CXX_LIBRARY = "libc++";
				CLANG_ENABLE_MODULES = YES;
				CLANG_ENABLE_OBJC_ARC = YES;
				CLANG_ENABLE_OBJC_WEAK = YES;
				CLANG_WARN_BLOCK_CAPTURE_AUTORELEASING = YES;
				CLANG_WARN_BOOL_CONVERSION = YES;
				CLANG_WARN_COMMA = YES;
				CLANG_WARN_CONSTANT_CONVERSION = YES;
				CLANG_WARN_DEPRECATED_OBJC_IMPLEMENTATIONS = YES;
				CLANG_WARN_DIRECT_OBJC_ISA_USAGE = YES_ERROR;
				CLANG_WARN_DOCUMENTATION_COMMENTS = YES;
				CLANG_WARN_EMPTY_BODY = YES;
				CLANG_WARN_ENUM_CONVERSION = YES;
				CLANG_WARN_INFINITE_RECURSION = YES;
				CLANG_WARN_INT_CONVERSION = YES;
				CLANG_WARN_NON_LITERAL_NULL_CONVERSION = YES;
				CLANG_WARN_OBJC_IMPLICIT_RETAIN_SELF = YES;
				CLANG_WARN_OBJC_LITERAL_CONVERSION = YES;
				CLANG_WARN_OBJC_ROOT_CLASS = YES_ERROR;
				CLANG_WARN_QUOTED_INCLUDE_IN_FRAMEWORK_HEADER = YES;
				CLANG_WARN_RANGE_LOOP_ANALYSIS = YES;
				CLANG_WARN_STRICT_PROTOTYPES = YES;
				CLANG_WARN_SUSPICIOUS_MOVE = YES;
				CLANG_WARN_UNGUARDED_AVAILABILITY = YES_AGGRESSIVE;
				CLANG_WARN_UNREACHABLE_CODE = YES;
				CLANG_WARN__DUPLICATE_METHOD_MATCH = YES;
				COPY_PHASE_STRIP = NO;
				DEBUG_INFORMATION_FORMAT = "dwarf-with-dsym";
				ENABLE_NS_ASSERTIONS = NO;
				ENABLE_STRICT_OBJC_MSGSEND = YES;
				GCC_C_LANGUAGE_STANDARD = gnu11;
				GCC_NO_COMMON_BLOCKS = YES;
				GCC_WARN_64_TO_32_BIT_CONVERSION = YES;
				GCC_WARN_ABOUT_RETURN_TYPE = YES_ERROR;
				GCC_WARN_UNDECLARED_SELECTOR = YES;
				GCC_WARN_UNINITIALIZED_AUTOS = YES_AGGRESSIVE;
				GCC_WARN_UNUSED_FUNCTION = YES;
				GCC_WARN_UNUSED_VARIABLE = YES;
				IPHONEOS_DEPLOYMENT_TARGET = 14.3;
				MTL_ENABLE_DEBUG_INFO = NO;
				MTL_FAST_MATH = YES;
				SDKROOT = iphoneos;
				SWIFT_COMPILATION_MODE = wholemodule;
				SWIFT_OPTIMIZATION_LEVEL = "-O";
				VALIDATE_PRODUCT = YES;
			};
			name = Release;
		};
		97CE992F25E74DA000B9353A /* Debug */ = {
			isa = XCBuildConfiguration;
			buildSettings = {
				ASSETCATALOG_COMPILER_APPICON_NAME = AppIcon;
				ASSETCATALOG_COMPILER_GLOBAL_ACCENT_COLOR_NAME = AccentColor;
				CLANG_ENABLE_MODULES = YES;
				CODE_SIGN_IDENTITY = "iPhone Developer";
				CODE_SIGN_STYLE = Manual;
				DEVELOPMENT_TEAM = T9PQL5SS3D;
				INFOPLIST_FILE = wow/Info.plist;
				IPHONEOS_DEPLOYMENT_TARGET = 13.0;
				LD_RUNPATH_SEARCH_PATHS = (
					"$(inherited)",
					"@executable_path/Frameworks",
				);
				PRODUCT_BUNDLE_IDENTIFIER = com.tungxuan.wow;
				PRODUCT_NAME = "$(TARGET_NAME)";
				PROVISIONING_PROFILE_SPECIFIER = "[Dev] MDC Wildcard Profile";
				SWIFT_OBJC_BRIDGING_HEADER = "wow/wow-Bridging-Header.h";
				SWIFT_OPTIMIZATION_LEVEL = "-Onone";
				SWIFT_VERSION = 5.0;
				TARGETED_DEVICE_FAMILY = 1;
			};
			name = Debug;
		};
		97CE993025E74DA000B9353A /* Release */ = {
			isa = XCBuildConfiguration;
			buildSettings = {
				ASSETCATALOG_COMPILER_APPICON_NAME = AppIcon;
				ASSETCATALOG_COMPILER_GLOBAL_ACCENT_COLOR_NAME = AccentColor;
				CLANG_ENABLE_MODULES = YES;
				CODE_SIGN_IDENTITY = "iPhone Developer";
				CODE_SIGN_STYLE = Manual;
				DEVELOPMENT_TEAM = T9PQL5SS3D;
				INFOPLIST_FILE = wow/Info.plist;
				IPHONEOS_DEPLOYMENT_TARGET = 13.0;
				LD_RUNPATH_SEARCH_PATHS = (
					"$(inherited)",
					"@executable_path/Frameworks",
				);
				PRODUCT_BUNDLE_IDENTIFIER = com.tungxuan.wow;
				PRODUCT_NAME = "$(TARGET_NAME)";
				PROVISIONING_PROFILE_SPECIFIER = "[Dev] MDC Wildcard Profile";
				SWIFT_OBJC_BRIDGING_HEADER = "wow/wow-Bridging-Header.h";
				SWIFT_VERSION = 5.0;
				TARGETED_DEVICE_FAMILY = 1;
			};
			name = Release;
		};
/* End XCBuildConfiguration section */

/* Begin XCConfigurationList section */
		97CE991525E74D9F00B9353A /* Build configuration list for PBXProject "wow" */ = {
			isa = XCConfigurationList;
			buildConfigurations = (
				97CE992C25E74DA000B9353A /* Debug */,
				97CE992D25E74DA000B9353A /* Release */,
			);
			defaultConfigurationIsVisible = 0;
			defaultConfigurationName = Release;
		};
		97CE992E25E74DA000B9353A /* Build configuration list for PBXNativeTarget "wow" */ = {
			isa = XCConfigurationList;
			buildConfigurations = (
				97CE992F25E74DA000B9353A /* Debug */,
				97CE993025E74DA000B9353A /* Release */,
			);
			defaultConfigurationIsVisible = 0;
			defaultConfigurationName = Release;
		};
/* End XCConfigurationList section */
	};
	rootObject = 97CE991225E74D9F00B9353A /* Project object */;
}
